# Release flow: dressing_room.report_or_block
# Branch-neutral. Selectors are app testIDs; identities come from QA_EMAIL /
# QA_PASSWORD injected by the release workflow, never hardcoded.
appId: ${APP_ID}
name: dressing_room.report_or_block
tags:
  - release
  - dressing-room
  - safety
env:
  APP_ID: ${APP_ID}
  QA_EMAIL: ${QA_EMAIL}
  QA_PASSWORD: ${QA_PASSWORD}
---
- runFlow: ../../subflows/sign-in.yaml
- tapOn:
    id: "home-v2-dressing-rooms-card"
- extendedWaitUntil:
    visible:
      id: "private-dressing-room-entry"
    timeout: 30000
- tapOn:
    id: "private-dressing-room-entry"
- extendedWaitUntil:
    visible:
      id: "room-messages-list"
    timeout: 45000
# The UGC safety affordance must be reachable from a shared room.
- assertVisible:
    id: "share-room-button"
- takeScreenshot: "dressing-room-safety-controls"
