{
  "name": "kscan-live-vto",
  "version": "0.0.0",
  "lockfileVersion": 3,
  "requires": true,
  "packages": {
    "": {
      "name": "kscan-live-vto",
      "version": "0.0.0",
      "workspaces": [
        "packages/*",
        "apps/*"
      ],
      "devDependencies": {
        "@types/node": "20.19.9",
        "typescript": "5.9.2"
      },
      "engines": {
        "node": ">=20"
      }
    },
    "apps/sandbox": {
      "name": "@kscan-live-vto/sandbox",
      "version": "0.0.0",
      "dependencies": {
        "@kscan-live-vto/asset-pipeline": "^0.1.0",
        "@kscan-live-vto/body-model": "^0.1.0",
        "@kscan-live-vto/contract": "^0.1.0",
        "@kscan-live-vto/evaluation": "^0.1.0",
        "@kscan-live-vto/garment-contract": "^0.1.0"
      }
    },
    "node_modules/@kscan-live-vto/asset-pipeline": {
      "resolved": "packages/asset-pipeline",
      "link": true
    },
    "node_modules/@kscan-live-vto/body-model": {
      "resolved": "packages/body-model",
      "link": true
    },
    "node_modules/@kscan-live-vto/contract": {
      "resolved": "packages/live-vto-contract",
      "link": true
    },
    "node_modules/@kscan-live-vto/evaluation": {
      "resolved": "packages/evaluation",
      "link": true
    },
    "node_modules/@kscan-live-vto/garment-contract": {
      "resolved": "packages/garment-contract",
      "link": true
    },
    "node_modules/@kscan-live-vto/native-runtime-contract": {
      "resolved": "packages/native-runtime-contract",
      "link": true
    },
    "node_modules/@kscan-live-vto/photoreal-bridge": {
      "resolved": "packages/photoreal-bridge",
      "link": true
    },
    "node_modules/@kscan-live-vto/realism": {
      "resolved": "packages/realism",
      "link": true
    },
    "node_modules/@kscan-live-vto/realism-preview": {
      "resolved": "packages/realism-preview",
      "link": true
    },
    "node_modules/@kscan-live-vto/sandbox": {
      "resolved": "apps/sandbox",
      "link": true
    },
    "node_modules/@kscan-live-vto/static-renderer": {
      "resolved": "packages/static-renderer",
      "link": true
    },
    "node_modules/@types/node": {
      "version": "20.19.9",
      "resolved": "https://registry.npmjs.org/@types/node/-/node-20.19.9.tgz",
      "integrity": "sha512-cuVNgarYWZqxRJDQHEB58GEONhOK79QVR/qYx4S7kcUObQvUwvFnYxJuuHUKm2aieN9X3yZB4LZsuYNU1Qphsw==",
      "dev": true,
      "license": "MIT",
      "dependencies": {
        "undici-types": "~6.21.0"
      }
    },
    "node_modules/typescript": {
      "version": "5.9.2",
      "resolved": "https://registry.npmjs.org/typescript/-/typescript-5.9.2.tgz",
      "integrity": "sha512-CWBzXQrc/qOkhidw1OzBTQuYRbfyxDXJMVJ1XNwUHGROVmuaeiEm3OslpZ1RV96d7SKKjZKrSJu3+t/xlw3R9A==",
      "dev": true,
      "license": "Apache-2.0",
      "bin": {
        "tsc": "bin/tsc",
        "tsserver": "bin/tsserver"
      },
      "engines": {
        "node": ">=14.17"
      }
    },
    "node_modules/undici-types": {
      "version": "6.21.0",
      "resolved": "https://registry.npmjs.org/undici-types/-/undici-types-6.21.0.tgz",
      "integrity": "sha512-iwDZqg0QAGrg9Rav5H4n0M64c3mkR59cJ6wQp+7C4nI0gsmExaedaYLNO44eT4AtBBwjbTiGPMlt2Md0T9H9JQ==",
      "dev": true,
      "license": "MIT"
    },
    "packages/asset-pipeline": {
      "name": "@kscan-live-vto/asset-pipeline",
      "version": "0.1.0",
      "license": "UNLICENSED",
      "dependencies": {
        "@kscan-live-vto/garment-contract": "^0.1.0"
      }
    },
    "packages/body-model": {
      "name": "@kscan-live-vto/body-model",
      "version": "0.1.0",
      "license": "UNLICENSED",
      "dependencies": {
        "@kscan-live-vto/contract": "^0.1.0"
      }
    },
    "packages/evaluation": {
      "name": "@kscan-live-vto/evaluation",
      "version": "0.1.0",
      "license": "UNLICENSED",
      "dependencies": {
        "@kscan-live-vto/contract": "^0.1.0"
      }
    },
    "packages/garment-contract": {
      "name": "@kscan-live-vto/garment-contract",
      "version": "0.1.0",
      "license": "UNLICENSED"
    },
    "packages/live-vto-contract": {
      "name": "@kscan-live-vto/contract",
      "version": "0.1.0",
      "license": "UNLICENSED",
      "dependencies": {
        "@kscan-live-vto/garment-contract": "^0.1.0"
      }
    },
    "packages/native-runtime-contract": {
      "name": "@kscan-live-vto/native-runtime-contract",
      "version": "0.1.0",
      "license": "UNLICENSED",
      "dependencies": {
        "@kscan-live-vto/contract": "^0.1.0",
        "@kscan-live-vto/evaluation": "^0.1.0",
        "@kscan-live-vto/garment-contract": "^0.1.0",
        "@kscan-live-vto/photoreal-bridge": "^0.1.0",
        "@kscan-live-vto/realism": "^0.1.0"
      }
    },
    "packages/photoreal-bridge": {
      "name": "@kscan-live-vto/photoreal-bridge",
      "version": "0.1.0",
      "license": "UNLICENSED",
      "dependencies": {
        "@kscan-live-vto/contract": "^0.1.0",
        "@kscan-live-vto/garment-contract": "^0.1.0"
      }
    },
    "packages/realism": {
      "name": "@kscan-live-vto/realism",
      "version": "0.1.0",
      "license": "UNLICENSED"
    },
    "packages/realism-preview": {
      "name": "@kscan-live-vto/realism-preview",
      "version": "0.1.0",
      "license": "UNLICENSED",
      "dependencies": {
        "@kscan-live-vto/asset-pipeline": "^0.1.0",
        "@kscan-live-vto/contract": "^0.1.0",
        "@kscan-live-vto/garment-contract": "^0.1.0",
        "@kscan-live-vto/realism": "^0.1.0",
        "@kscan-live-vto/static-renderer": "^0.1.0"
      }
    },
    "packages/static-renderer": {
      "name": "@kscan-live-vto/static-renderer",
      "version": "0.1.0",
      "license": "UNLICENSED",
      "dependencies": {
        "@kscan-live-vto/asset-pipeline": "^0.1.0",
        "@kscan-live-vto/contract": "^0.1.0",
        "@kscan-live-vto/garment-contract": "^0.1.0"
      }
    }
  }
}
